// !$*UTF8*$!
{
	archiveVersion = 1;
	classes = {
	};
	objectVersion = 50;
	objects = {

/* Begin PBXBuildFile section */
		502180652724A7820044ECFF /* AppDelegate.swift in Sources */ = {isa = PBXBuildFile; fileRef = 502180642724A7820044ECFF /* AppDelegate.swift */; };
		502180672724A7820044ECFF /* SceneDelegate.swift in Sources */ = {isa = PBXBuildFile; fileRef = 502180662724A7820044ECFF /* SceneDelegate.swift */; };
		502180692724A7820044ECFF /* ViewController.swift in Sources */ = {isa = PBXBuildFile; fileRef = 502180682724A7820044ECFF /* ViewController.swift */; };
		5021806C2724A7820044ECFF /* Main.storyboard in Resources */ = {isa = PBXBuildFile; fileRef = 5021806A2724A7820044ECFF /* Main.storyboard */; };
		5021806E2724A7830044ECFF /* Assets.xcassets in Resources */ = {isa = PBXBuildFile; fileRef = 5021806D2724A7830044ECFF /* Assets.xcassets */; };
		502180712724A7830044ECFF /* LaunchScreen.storyboard in Resources */ = {isa = PBXBuildFile; fileRef = 5021806F2724A7830044ECFF /* LaunchScreen.storyboard */; };
		502180792724BA640044ECFF /* APIResults.swift in Sources */ = {isa = PBXBuildFile; fileRef = 502180782724BA640044ECFF /* APIResults.swift */; };
		5021807B2724BA880044ECFF /* Movie.swift in Sources */ = {isa = PBXBuildFile; fileRef = 5021807A2724BA880044ECFF /* Movie.swift */; };
		502180862724EE200044ECFF /* CollectionViewCell.swift in Sources */ = {isa = PBXBuildFile; fileRef = 502180842724EE200044ECFF /* CollectionViewCell.swift */; };
		5021808B272610090044ECFF /* MovieDetailViewController.swift in Sources */ = {isa = PBXBuildFile; fileRef = 5021808A272610090044ECFF /* MovieDetailViewController.swift */; };
		504F7258272CB2BD008B87E6 /* TableViewCell.swift in Sources */ = {isa = PBXBuildFile; fileRef = 504F7257272CB2BD008B87E6 /* TableViewCell.swift */; };
		504F725A272CB9D8008B87E6 /* ReviewAPIResults.swift in Sources */ = {isa = PBXBuildFile; fileRef = 504F7259272CB9D8008B87E6 /* ReviewAPIResults.swift */; };
		504F725C272CB9F9008B87E6 /* Review.swift in Sources */ = {isa = PBXBuildFile; fileRef = 504F725B272CB9F9008B87E6 /* Review.swift */; };
		509FBE74272BBBD6007512DF /* ReviewsViewController.swift in Sources */ = {isa = PBXBuildFile; fileRef = 509FBE73272BBBD6007512DF /* ReviewsViewController.swift */; };
		50CDC72927275B110031E7A4 /* VideoAPIResults.swift in Sources */ = {isa = PBXBuildFile; fileRef = 50CDC72827275B110031E7A4 /* VideoAPIResults.swift */; };
		50CDC72B27275B970031E7A4 /* Video.swift in Sources */ = {isa = PBXBuildFile; fileRef = 50CDC72A27275B970031E7A4 /* Video.swift */; };
		50CDC72E272774D60031E7A4 /* FavoritesViewController.swift in Sources */ = {isa = PBXBuildFile; fileRef = 50CDC72D272774D60031E7A4 /* FavoritesViewController.swift */; };
		50CDC7322727816C0031E7A4 /* Utility.swift in Sources */ = {isa = PBXBuildFile; fileRef = 50CDC7312727816C0031E7A4 /* Utility.swift */; };
		50CDC73E2729E0460031E7A4 /* FetchingError.swift in Sources */ = {isa = PBXBuildFile; fileRef = 50CDC73D2729E0460031E7A4 /* FetchingError.swift */; };
		50CDC742272A4FE00031E7A4 /* TrendingViewController.swift in Sources */ = {isa = PBXBuildFile; fileRef = 50CDC741272A4FE00031E7A4 /* TrendingViewController.swift */; };
		50CDC746272B51260031E7A4 /* API.swift in Sources */ = {isa = PBXBuildFile; fileRef = 50CDC745272B51260031E7A4 /* API.swift */; };
		50D6AC232727419C005D10B3 /* VideoViewController.swift in Sources */ = {isa = PBXBuildFile; fileRef = 50D6AC222727419C005D10B3 /* VideoViewController.swift */; };
/* End PBXBuildFile section */

/* Begin PBXFileReference section */
		502180612724A7820044ECFF /* ChenXiaoLiu-Lab4.app */ = {isa = PBXFileReference; explicitFileType = wrapper.application; includeInIndex = 0; path = "ChenXiaoLiu-Lab4.app"; sourceTree = BUILT_PRODUCTS_DIR; };
		502180642724A7820044ECFF /* AppDelegate.swift */ = {isa = PBXFileReference; lastKnownFileType = sourcecode.swift; path = AppDelegate.swift; sourceTree = "<group>"; };
		502180662724A7820044ECFF /* SceneDelegate.swift */ = {isa = PBXFileReference; lastKnownFileType = sourcecode.swift; path = SceneDelegate.swift; sourceTree = "<group>"; };
		502180682724A7820044ECFF /* ViewController.swift */ = {isa = PBXFileReference; lastKnownFileType = sourcecode.swift; path = ViewController.swift; sourceTree = "<group>"; };
		5021806B2724A7820044ECFF /* Base */ = {isa = PBXFileReference; lastKnownFileType = file.storyboard; name = Base; path = Base.lproj/Main.storyboard; sourceTree = "<group>"; };
		5021806D2724A7830044ECFF /* Assets.xcassets */ = {isa = PBXFileReference; lastKnownFileType = folder.assetcatalog; path = Assets.xcassets; sourceTree = "<group>"; };
		502180702724A7830044ECFF /* Base */ = {isa = PBXFileReference; lastKnownFileType = file.storyboard; name = Base; path = Base.lproj/LaunchScreen.storyboard; sourceTree = "<group>"; };
		502180722724A7830044ECFF /* Info.plist */ = {isa = PBXFileReference; lastKnownFileType = text.plist.xml; path = Info.plist; sourceTree = "<group>"; };
		502180782724BA640044ECFF /* APIResults.swift */ = {isa = PBXFileReference; lastKnownFileType = sourcecode.swift; path = APIResults.swift; sourceTree = "<group>"; };
		5021807A2724BA880044ECFF /* Movie.swift */ = {isa = PBXFileReference; lastKnownFileType = sourcecode.swift; path = Movie.swift; sourceTree = "<group>"; };
		502180842724EE200044ECFF /* CollectionViewCell.swift */ = {isa = PBXFileReference; lastKnownFileType = sourcecode.swift; path = CollectionViewCell.swift; sourceTree = "<group>"; };
		5021808A272610090044ECFF /* MovieDetailViewController.swift */ = {isa = PBXFileReference; lastKnownFileType = sourcecode.swift; path = MovieDetailViewController.swift; sourceTree = "<group>"; };
		504F7257272CB2BD008B87E6 /* TableViewCell.swift */ = {isa = PBXFileReference; lastKnownFileType = sourcecode.swift; path = TableViewCell.swift; sourceTree = "<group>"; };
		504F7259272CB9D8008B87E6 /* ReviewAPIResults.swift */ = {isa = PBXFileReference; lastKnownFileType = sourcecode.swift; path = ReviewAPIResults.swift; sourceTree = "<group>"; };
		504F725B272CB9F9008B87E6 /* Review.swift */ = {isa = PBXFileReference; lastKnownFileType = sourcecode.swift; path = Review.swift; sourceTree = "<group>"; };
		509FBE73272BBBD6007512DF /* ReviewsViewController.swift */ = {isa = PBXFileReference; lastKnownFileType = sourcecode.swift; path = ReviewsViewController.swift; sourceTree = "<group>"; };
		50CDC72827275B110031E7A4 /* VideoAPIResults.swift */ = {isa = PBXFileReference; lastKnownFileType = sourcecode.swift; path = VideoAPIResults.swift; sourceTree = "<group>"; };
		50CDC72A27275B970031E7A4 /* Video.swift */ = {isa = PBXFileReference; lastKnownFileType = sourcecode.swift; path = Video.swift; sourceTree = "<group>"; };
		50CDC72D272774D60031E7A4 /* FavoritesViewController.swift */ = {isa = PBXFileReference; lastKnownFileType = sourcecode.swift; path = FavoritesViewController.swift; sourceTree = "<group>"; };
		50CDC7312727816C0031E7A4 /* Utility.swift */ = {isa = PBXFileReference; lastKnownFileType = sourcecode.swift; path = Utility.swift; sourceTree = "<group>"; };
		50CDC73D2729E0460031E7A4 /* FetchingError.swift */ = {isa = PBXFileReference; lastKnownFileType = sourcecode.swift; path = FetchingError.swift; sourceTree = "<group>"; };
		50CDC741272A4FE00031E7A4 /* TrendingViewController.swift */ = {isa = PBXFileReference; lastKnownFileType = sourcecode.swift; path = TrendingViewController.swift; sourceTree = "<group>"; };
		50CDC745272B51260031E7A4 /* API.swift */ = {isa = PBXFileReference; lastKnownFileType = sourcecode.swift; path = API.swift; sourceTree = "<group>"; };
		50D6AC222727419C005D10B3 /* VideoViewController.swift */ = {isa = PBXFileReference; lastKnownFileType = sourcecode.swift; path = VideoViewController.swift; sourceTree = "<group>"; };
/* End PBXFileReference section */

/* Begin PBXFrameworksBuildPhase section */
		5021805E2724A7820044ECFF /* Frameworks */ = {
			isa = PBXFrameworksBuildPhase;
			buildActionMask = 2147483647;
			files = (
			);
			runOnlyForDeploymentPostprocessing = 0;
		};
/* End PBXFrameworksBuildPhase section */

/* Begin PBXGroup section */
		502180582724A7820044ECFF = {
			isa = PBXGroup;
			children = (
				504F7256272CB262008B87E6 /* TableViewComponents */,
				50CDC736272916FE0031E7A4 /* CollectionViewComponents */,
				50CDC7332727A1EF0031E7A4 /* Utility */,
				50CDC72C27276C0E0031E7A4 /* DataModel */,
				502180632724A7820044ECFF /* ChenXiaoLiu-Lab4 */,
				502180622724A7820044ECFF /* Products */,
			);
			sourceTree = "<group>";
		};
		502180622724A7820044ECFF /* Products */ = {
			isa = PBXGroup;
			children = (
				502180612724A7820044ECFF /* ChenXiaoLiu-Lab4.app */,
			);
			name = Products;
			sourceTree = "<group>";
		};
		502180632724A7820044ECFF /* ChenXiaoLiu-Lab4 */ = {
			isa = PBXGroup;
			children = (
				502180642724A7820044ECFF /* AppDelegate.swift */,
				502180662724A7820044ECFF /* SceneDelegate.swift */,
				502180682724A7820044ECFF /* ViewController.swift */,
				5021806A2724A7820044ECFF /* Main.storyboard */,
				5021806D2724A7830044ECFF /* Assets.xcassets */,
				5021806F2724A7830044ECFF /* LaunchScreen.storyboard */,
				502180722724A7830044ECFF /* Info.plist */,
				5021808A272610090044ECFF /* MovieDetailViewController.swift */,
				50D6AC222727419C005D10B3 /* VideoViewController.swift */,
				50CDC72D272774D60031E7A4 /* FavoritesViewController.swift */,
				50CDC741272A4FE00031E7A4 /* TrendingViewController.swift */,
				509FBE73272BBBD6007512DF /* ReviewsViewController.swift */,
			);
			path = "ChenXiaoLiu-Lab4";
			sourceTree = "<group>";
		};
		504F7256272CB262008B87E6 /* TableViewComponents */ = {
			isa = PBXGroup;
			children = (
				504F7257272CB2BD008B87E6 /* TableViewCell.swift */,
			);
			path = TableViewComponents;
			sourceTree = "<group>";
		};
		50CDC72C27276C0E0031E7A4 /* DataModel */ = {
			isa = PBXGroup;
			children = (
				50CDC72827275B110031E7A4 /* VideoAPIResults.swift */,
				50CDC72A27275B970031E7A4 /* Video.swift */,
				502180782724BA640044ECFF /* APIResults.swift */,
				5021807A2724BA880044ECFF /* Movie.swift */,
				50CDC73D2729E0460031E7A4 /* FetchingError.swift */,
				504F7259272CB9D8008B87E6 /* ReviewAPIResults.swift */,
				504F725B272CB9F9008B87E6 /* Review.swift */,
			);
			path = DataModel;
			sourceTree = "<group>";
		};
		50CDC7332727A1EF0031E7A4 /* Utility */ = {
			isa = PBXGroup;
			children = (
				50CDC7312727816C0031E7A4 /* Utility.swift */,
				50CDC745272B51260031E7A4 /* API.swift */,
			);
			path = Utility;
			sourceTree = "<group>";
		};
		50CDC736272916FE0031E7A4 /* CollectionViewComponents */ = {
			isa = PBXGroup;
			children = (
				502180842724EE200044ECFF /* CollectionViewCell.swift */,
			);
			path = CollectionViewComponents;
			sourceTree = "<group>";
		};
/* End PBXGroup section */

/* Begin PBXNativeTarget section */
		502180602724A7820044ECFF /* ChenXiaoLiu-Lab4 */ = {
			isa = PBXNativeTarget;
			buildConfigurationList = 502180752724A7830044ECFF /* Build configuration list for PBXNativeTarget "ChenXiaoLiu-Lab4" */;
			buildPhases = (
				5021805D2724A7820044ECFF /* Sources */,
				5021805E2724A7820044ECFF /* Frameworks */,
				5021805F2724A7820044ECFF /* Resources */,
			);
			buildRules = (
			);
			dependencies = (
			);
			name = "ChenXiaoLiu-Lab4";
			productName = "ChenXiaoLiu-Lab4";
			productReference = 502180612724A7820044ECFF /* ChenXiaoLiu-Lab4.app */;
			productType = "com.apple.product-type.application";
		};
/* End PBXNativeTarget section */

/* Begin PBXProject section */
		502180592724A7820044ECFF /* Project object */ = {
			isa = PBXProject;
			attributes = {
				LastSwiftUpdateCheck = 1250;
				LastUpgradeCheck = 1250;
				TargetAttributes = {
					502180602724A7820044ECFF = {
						CreatedOnToolsVersion = 12.5;
					};
				};
			};
			buildConfigurationList = 5021805C2724A7820044ECFF /* Build configuration list for PBXProject "ChenXiaoLiu-Lab4" */;
			compatibilityVersion = "Xcode 9.3";
			developmentRegion = en;
			hasScannedForEncodings = 0;
			knownRegions = (
				en,
				Base,
			);
			mainGroup = 502180582724A7820044ECFF;
			productRefGroup = 502180622724A7820044ECFF /* Products */;
			projectDirPath = "";
			projectRoot = "";
			targets = (
				502180602724A7820044ECFF /* ChenXiaoLiu-Lab4 */,
			);
		};
/* End PBXProject section */

/* Begin PBXResourcesBuildPhase section */
		5021805F2724A7820044ECFF /* Resources */ = {
			isa = PBXResourcesBuildPhase;
			buildActionMask = 2147483647;
			files = (
				502180712724A7830044ECFF /* LaunchScreen.storyboard in Resources */,
				5021806E2724A7830044ECFF /* Assets.xcassets in Resources */,
				5021806C2724A7820044ECFF /* Main.storyboard in Resources */,
			);
			runOnlyForDeploymentPostprocessing = 0;
		};
/* End PBXResourcesBuildPhase section */

/* Begin PBXSourcesBuildPhase section */
		5021805D2724A7820044ECFF /* Sources */ = {
			isa = PBXSourcesBuildPhase;
			buildActionMask = 2147483647;
			files = (
				502180692724A7820044ECFF /* ViewController.swift in Sources */,
				502180652724A7820044ECFF /* AppDelegate.swift in Sources */,
				50CDC72927275B110031E7A4 /* VideoAPIResults.swift in Sources */,
				504F7258272CB2BD008B87E6 /* TableViewCell.swift in Sources */,
				50D6AC232727419C005D10B3 /* VideoViewController.swift in Sources */,
				504F725C272CB9F9008B87E6 /* Review.swift in Sources */,
				502180862724EE200044ECFF /* CollectionViewCell.swift in Sources */,
				502180672724A7820044ECFF /* SceneDelegate.swift in Sources */,
				50CDC72E272774D60031E7A4 /* FavoritesViewController.swift in Sources */,
				50CDC742272A4FE00031E7A4 /* TrendingViewController.swift in Sources */,
				504F725A272CB9D8008B87E6 /* ReviewAPIResults.swift in Sources */,
				5021808B272610090044ECFF /* MovieDetailViewController.swift in Sources */,
				50CDC7322727816C0031E7A4 /* Utility.swift in Sources */,
				502180792724BA640044ECFF /* APIResults.swift in Sources */,
				5021807B2724BA880044ECFF /* Movie.swift in Sources */,
				50CDC72B27275B970031E7A4 /* Video.swift in Sources */,
				50CDC746272B51260031E7A4 /* API.swift in Sources */,
				509FBE74272BBBD6007512DF /* ReviewsViewController.swift in Sources */,
				50CDC73E2729E0460031E7A4 /* FetchingError.swift in Sources */,
			);
			runOnlyForDeploymentPostprocessing = 0;
		};
/* End PBXSourcesBuildPhase section */

/* Begin PBXVariantGroup section */
		5021806A2724A7820044ECFF /* Main.storyboard */ = {
			isa = PBXVariantGroup;
			children = (
				5021806B2724A7820044ECFF /* Base */,
			);
			name = Main.storyboard;
			sourceTree = "<group>";
		};
		5021806F2724A7830044ECFF /* LaunchScreen.storyboard */ = {
			isa = PBXVariantGroup;
			children = (
				502180702724A7830044ECFF /* Base */,
			);
			name = LaunchScreen.storyboard;
			sourceTree = "<group>";
		};
/* End PBXVariantGroup section */

/* Begin XCBuildConfiguration section */
		502180732724A7830044ECFF /* Debug */ = {
			isa = XCBuildConfiguration;
			buildSettings = {
				ALWAYS_SEARCH_USER_PATHS = NO;
				CLANG_ANALYZER_NONNULL = YES;
				CLANG_ANALYZER_NUMBER_OBJECT_CONVERSION = YES_AGGRESSIVE;
				CLANG_CXX_LANGUAGE_STANDARD = "gnu++14";
				CLANG_CXX_LIBRARY = "libc++";
				CLANG_ENABLE_MODULES = YES;
				CLANG_ENABLE_OBJC_ARC = YES;
				CLANG_ENABLE_OBJC_WEAK = YES;
				CLANG_WARN_BLOCK_CAPTURE_AUTORELEASING = YES;
				CLANG_WARN_BOOL_CONVERSION = YES;
				CLANG_WARN_COMMA = YES;
				CLANG_WARN_CONSTANT_CONVERSION = YES;
				CLANG_WARN_DEPRECATED_OBJC_IMPLEMENTATIONS = YES;
				CLANG_WARN_DIRECT_OBJC_ISA_USAGE = YES_ERROR;
				CLANG_WARN_DOCUMENTATION_COMMENTS = YES;
				CLANG_WARN_EMPTY_BODY = YES;
				CLANG_WARN_ENUM_CONVERSION = YES;
				CLANG_WARN_INFINITE_RECURSION = YES;
				CLANG_WARN_INT_CONVERSION = YES;
				CLANG_WARN_NON_LITERAL_NULL_CONVERSION = YES;
				CLANG_WARN_OBJC_IMPLICIT_RETAIN_SELF = YES;
				CLANG_WARN_OBJC_LITERAL_CONVERSION = YES;
				CLANG_WARN_OBJC_ROOT_CLASS = YES_ERROR;
				CLANG_WARN_QUOTED_INCLUDE_IN_FRAMEWORK_HEADER = YES;
				CLANG_WARN_RANGE_LOOP_ANALYSIS = YES;
				CLANG_WARN_STRICT_PROTOTYPES = YES;
				CLANG_WARN_SUSPICIOUS_MOVE = YES;
				CLANG_WARN_UNGUARDED_AVAILABILITY = YES_AGGRESSIVE;
				CLANG_WARN_UNREACHABLE_CODE = YES;
				CLANG_WARN__DUPLICATE_METHOD_MATCH = YES;
				COPY_PHASE_STRIP = NO;
				DEBUG_INFORMATION_FORMAT = dwarf;
				ENABLE_STRICT_OBJC_MSGSEND = YES;
				ENABLE_TESTABILITY = YES;
				GCC_C_LANGUAGE_STANDARD = gnu11;
				GCC_DYNAMIC_NO_PIC = NO;
				GCC_NO_COMMON_BLOCKS = YES;
				GCC_OPTIMIZATION_LEVEL = 0;
				GCC_PREPROCESSOR_DEFINITIONS = (
					"DEBUG=1",
					"$(inherited)",
				);
				GCC_WARN_64_TO_32_BIT_CONVERSION = YES;
				GCC_WARN_ABOUT_RETURN_TYPE = YES_ERROR;
				GCC_WARN_UNDECLARED_SELECTOR = YES;
				GCC_WARN_UNINITIALIZED_AUTOS = YES_AGGRESSIVE;
				GCC_WARN_UNUSED_FUNCTION = YES;
				GCC_WARN_UNUSED_VARIABLE = YES;
				IPHONEOS_DEPLOYMENT_TARGET = 14.5;
				MTL_ENABLE_DEBUG_INFO = INCLUDE_SOURCE;
				MTL_FAST_MATH = YES;
				ONLY_ACTIVE_ARCH = YES;
				SDKROOT = iphoneos;
				SWIFT_ACTIVE_COMPILATION_CONDITIONS = DEBUG;
				SWIFT_OPTIMIZATION_LEVEL = "-Onone";
			};
			name = Debug;
		};
		502180742724A7830044ECFF /* Release */ = {
			isa = XCBuildConfiguration;
			buildSettings = {
				ALWAYS_SEARCH_USER_PATHS = NO;
				CLANG_ANALYZER_NONNULL = YES;
				CLANG_ANALYZER_NUMBER_OBJECT_CONVERSION = YES_AGGRESSIVE;
				CLANG_CXX_LANGUAGE_STANDARD = "gnu++14";
				CLANG_CXX_LIBRARY = "libc++";
				CLANG_ENABLE_MODULES = YES;
				CLANG_ENABLE_OBJC_ARC = YES;
				CLANG_ENABLE_OBJC_WEAK = YES;
				CLANG_WARN_BLOCK_CAPTURE_AUTORELEASING = YES;
				CLANG_WARN_BOOL_CONVERSION = YES;
				CLANG_WARN_COMMA = YES;
				CLANG_WARN_CONSTANT_CONVERSION = YES;
				CLANG_WARN_DEPRECATED_OBJC_IMPLEMENTATIONS = YES;
				CLANG_WARN_DIRECT_OBJC_ISA_USAGE = YES_ERROR;
				CLANG_WARN_DOCUMENTATION_COMMENTS = YES;
				CLANG_WARN_EMPTY_BODY = YES;
				CLANG_WARN_ENUM_CONVERSION = YES;
				CLANG_WARN_INFINITE_RECURSION = YES;
				CLANG_WARN_INT_CONVERSION = YES;
				CLANG_WARN_NON_LITERAL_NULL_CONVERSION = YES;
				CLANG_WARN_OBJC_IMPLICIT_RETAIN_SELF = YES;
				CLANG_WARN_OBJC_LITERAL_CONVERSION = YES;
				CLANG_WARN_OBJC_ROOT_CLASS = YES_ERROR;
				CLANG_WARN_QUOTED_INCLUDE_IN_FRAMEWORK_HEADER = YES;
				CLANG_WARN_RANGE_LOOP_ANALYSIS = YES;
				CLANG_WARN_STRICT_PROTOTYPES = YES;
				CLANG_WARN_SUSPICIOUS_MOVE = YES;
				CLANG_WARN_UNGUARDED_AVAILABILITY = YES_AGGRESSIVE;
				CLANG_WARN_UNREACHABLE_CODE = YES;
				CLANG_WARN__DUPLICATE_METHOD_MATCH = YES;
				COPY_PHASE_STRIP = NO;
				DEBUG_INFORMATION_FORMAT = "dwarf-with-dsym";
				ENABLE_NS_ASSERTIONS = NO;
				ENABLE_STRICT_OBJC_MSGSEND = YES;
				GCC_C_LANGUAGE_STANDARD = gnu11;
				GCC_NO_COMMON_BLOCKS = YES;
				GCC_WARN_64_TO_32_BIT_CONVERSION = YES;
				GCC_WARN_ABOUT_RETURN_TYPE = YES_ERROR;
				GCC_WARN_UNDECLARED_SELECTOR = YES;
				GCC_WARN_UNINITIALIZED_AUTOS = YES_AGGRESSIVE;
				GCC_WARN_UNUSED_FUNCTION = YES;
				GCC_WARN_UNUSED_VARIABLE = YES;
				IPHONEOS_DEPLOYMENT_TARGET = 14.5;
				MTL_ENABLE_DEBUG_INFO = NO;
				MTL_FAST_MATH = YES;
				SDKROOT = iphoneos;
				SWIFT_COMPILATION_MODE = wholemodule;
				SWIFT_OPTIMIZATION_LEVEL = "-O";
				VALIDATE_PRODUCT = YES;
			};
			name = Release;
		};
		502180762724A7830044ECFF /* Debug */ = {
			isa = XCBuildConfiguration;
			buildSettings = {
				ASSETCATALOG_COMPILER_APPICON_NAME = AppIcon;
				ASSETCATALOG_COMPILER_GLOBAL_ACCENT_COLOR_NAME = AccentColor;
				CODE_SIGN_STYLE = Automatic;
				INFOPLIST_FILE = "ChenXiaoLiu-Lab4/Info.plist";
				LD_RUNPATH_SEARCH_PATHS = (
					"$(inherited)",
					"@executable_path/Frameworks",
				);
				PRODUCT_BUNDLE_IDENTIFIER = "chenxiao.l.ChenXiaoLiu-Lab4";
				PRODUCT_NAME = "$(TARGET_NAME)";
				SWIFT_VERSION = 5.0;
				TARGETED_DEVICE_FAMILY = "1,2";
			};
			name = Debug;
		};
		502180772724A7830044ECFF /* Release */ = {
			isa = XCBuildConfiguration;
			buildSettings = {
				ASSETCATALOG_COMPILER_APPICON_NAME = AppIcon;
				ASSETCATALOG_COMPILER_GLOBAL_ACCENT_COLOR_NAME = AccentColor;
				CODE_SIGN_STYLE = Automatic;
				INFOPLIST_FILE = "ChenXiaoLiu-Lab4/Info.plist";
				LD_RUNPATH_SEARCH_PATHS = (
					"$(inherited)",
					"@executable_path/Frameworks",
				);
				PRODUCT_BUNDLE_IDENTIFIER = "chenxiao.l.ChenXiaoLiu-Lab4";
				PRODUCT_NAME = "$(TARGET_NAME)";
				SWIFT_VERSION = 5.0;
				TARGETED_DEVICE_FAMILY = "1,2";
			};
			name = Release;
		};
/* End XCBuildConfiguration section */

/* Begin XCConfigurationList section */
		5021805C2724A7820044ECFF /* Build configuration list for PBXProject "ChenXiaoLiu-Lab4" */ = {
			isa = XCConfigurationList;
			buildConfigurations = (
				502180732724A7830044ECFF /* Debug */,
				502180742724A7830044ECFF /* Release */,
			);
			defaultConfigurationIsVisible = 0;
			defaultConfigurationName = Release;
		};
		502180752724A7830044ECFF /* Build configuration list for PBXNativeTarget "ChenXiaoLiu-Lab4" */ = {
			isa = XCConfigurationList;
			buildConfigurations = (
				502180762724A7830044ECFF /* Debug */,
				502180772724A7830044ECFF /* Release */,
			);
			defaultConfigurationIsVisible = 0;
			defaultConfigurationName = Release;
		};
/* End XCConfigurationList section */
	};
	rootObject = 502180592724A7820044ECFF /* Project object */;
}
